
Microsoft Visual Studio Solution File, Format Version 12.00
# Visual Studio Version 17
VisualStudioVersion = 17.0.31903.59
MinimumVisualStudioVersion = 10.0.40219.1
Project("{F2A71F9B-5D33-465A-A702-920D77279786}") = "Library.Func", "Library.Func\Library.Func.fsproj", "{076315E0-748D-4FA5-8643-A3EDD84924FF}"
EndProject
Project("{FAE04EC0-301F-11D3-BF4B-00C04F79EFBC}") = "App.Orchestrator", "App.Orchestrator\App.Orchestrator.csproj", "{E1980513-2443-4AE5-9CA0-14CC9152EA6C}"
EndProject
Global
	GlobalSection(SolutionConfigurationPlatforms) = preSolution
		Debug|Any CPU = Debug|Any CPU
		Release|Any CPU = Release|Any CPU
	EndGlobalSection
	GlobalSection(SolutionProperties) = preSolution
		HideSolutionNode = FALSE
	EndGlobalSection
	GlobalSection(ProjectConfigurationPlatforms) = postSolution
		{076315E0-748D-4FA5-8643-A3EDD84924FF}.Debug|Any CPU.ActiveCfg = Debug|Any CPU
		{076315E0-748D-4FA5-8643-A3EDD84924FF}.Debug|Any CPU.Build.0 = Debug|Any CPU
		{076315E0-748D-4FA5-8643-A3EDD84924FF}.Release|Any CPU.ActiveCfg = Release|Any CPU
		{076315E0-748D-4FA5-8643-A3EDD84924FF}.Release|Any CPU.Build.0 = Release|Any CPU
		{E1980513-2443-4AE5-9CA0-14CC9152EA6C}.Debug|Any CPU.ActiveCfg = Debug|Any CPU
		{E1980513-2443-4AE5-9CA0-14CC9152EA6C}.Debug|Any CPU.Build.0 = Debug|Any CPU
		{E1980513-2443-4AE5-9CA0-14CC9152EA6C}.Release|Any CPU.ActiveCfg = Release|Any CPU
		{E1980513-2443-4AE5-9CA0-14CC9152EA6C}.Release|Any CPU.Build.0 = Release|Any CPU
	EndGlobalSection
EndGlobal
